{
  "name": "water-world",
  "version": "1.0.0",
  "lockfileVersion": 1,
  "requires": true,
  "dependencies": {
    "@pixi/accessibility": {
      "version": "6.2.2",
      "resolved": "https://registry.npmjs.org/@pixi/accessibility/-/accessibility-6.2.2.tgz",
      "integrity": "sha512-/mXRXCw67bmPY/OZ1Y1p747h3SSg7eqacIChAUJohjbcJK0R2EJRD2uVTspVIUpHPJA0ECNGBpKqk0C1Yzkj2w=="
    },
    "@pixi/app": {
      "version": "6.2.2",
      "resolved": "https://registry.npmjs.org/@pixi/app/-/app-6.2.2.tgz",
      "integrity": "sha512-YBzVaSZGA842w2gsgqzxYwQMXeu2JZmSyiybi4raFsA35iOeMurXy7sEs5NP9JO+cjobJyx6echuHzZpKUjWsQ=="
    },
    "@pixi/compressed-textures": {
      "version": "6.2.2",
      "resolved": "https://registry.npmjs.org/@pixi/compressed-textures/-/compressed-textures-6.2.2.tgz",
      "integrity": "sha512-ZjiqYCE6nGtsKTRa6w4W6Krh3vo4M3WT6lrP+VW6BfgUx3quEURt5GVFsFZrJpWF4yI1fShFmjBUOerrTLJGRQ=="
    },
    "@pixi/constants": {
      "version": "6.2.2",
      "resolved": "https://registry.npmjs.org/@pixi/constants/-/constants-6.2.2.tgz",
      "integrity": "sha512-BKSoj/5SI+pQEatuCG5kXXWtCZmZZNMhfhXeqvYO/WNZ+LDxm6F4pllf0t7KjGs1ZBpNxVf6fyngF9Q5r3MgJQ=="
    },
    "@pixi/core": {
      "version": "6.2.2",
      "resolved": "https://registry.npmjs.org/@pixi/core/-/core-6.2.2.tgz",
      "integrity": "sha512-XAqgdJ1w9k1ZUBXECm19rcnN2ngm+tOP74HkGw4qQay0biM3JS+wtX4fWQmZNGr8krf6lJrNbsghbtUy70uUaw=="
    },
    "@pixi/display": {
      "version": "6.2.2",
      "resolved": "https://registry.npmjs.org/@pixi/display/-/display-6.2.2.tgz",
      "integrity": "sha512-8a0R+9rjlUUjb13nBA6ZNj9gygJqt38B63uIZ2inkhxpIQf0CLo2hNxkqCqXiMeRuGmOw1n6neEDMnHO1Ks+xA=="
    },
    "@pixi/extract": {
      "version": "6.2.2",
      "resolved": "https://registry.npmjs.org/@pixi/extract/-/extract-6.2.2.tgz",
      "integrity": "sha512-w3gW1/VoHNqFEUNGRQBKm8dCdg816etbpbLExWctmPpNdyxos5N7DF44UMRFg40GPVBBNzYissrH/ojca4PFIA=="
    },
    "@pixi/filter-alpha": {
      "version": "6.2.2",
      "resolved": "https://registry.npmjs.org/@pixi/filter-alpha/-/filter-alpha-6.2.2.tgz",
      "integrity": "sha512-CijLcgFdmivmSyZuM5Yyeo6R+PwalZp9OSoard1Oh5DBVvcRDn4m3cBM+nimR4YJbr0kiMbK4Ja8r+e2vwFVjA=="
    },
    "@pixi/filter-blur": {
      "version": "6.2.2",
      "resolved": "https://registry.npmjs.org/@pixi/filter-blur/-/filter-blur-6.2.2.tgz",
      "integrity": "sha512-ApFqn2fMIipr3mRp/8dZ74qraGGzzPO/EzvltDqJLru9vGlbX6dKLXZ6w5H8D/uN6aQW1e4N1Nrtzk5mvJVQ3g=="
    },
    "@pixi/filter-color-matrix": {
      "version": "6.2.2",
      "resolved": "https://registry.npmjs.org/@pixi/filter-color-matrix/-/filter-color-matrix-6.2.2.tgz",
      "integrity": "sha512-fQWbtKFWV29jKkq4d6TknEfQ5sF5OxcbJeZo0HJmgoV3FLZ0t21XE991CFI/TqDBo8U3wzUPZVbXxiFoDKmJ8w=="
    },
    "@pixi/filter-displacement": {
      "version": "6.2.2",
      "resolved": "https://registry.npmjs.org/@pixi/filter-displacement/-/filter-displacement-6.2.2.tgz",
      "integrity": "sha512-cd9um4kNNIeqKA/wVZw+iha+XVbBOYBC8En5hk3ZXAIXxCHxOCz3KS+aOVejXH5EB/gMDPvNNwygn0SCpSGdKA=="
    },
    "@pixi/filter-fxaa": {
      "version": "6.2.2",
      "resolved": "https://registry.npmjs.org/@pixi/filter-fxaa/-/filter-fxaa-6.2.2.tgz",
      "integrity": "sha512-e4qekMlsiEcjV0JRoqH3b34sk8yzT4jsROYPHzk0IiafE+nNNcF3vQmcmnfC0aGIyODzmNdzFLjlFkRRSviydA=="
    },
    "@pixi/filter-noise": {
      "version": "6.2.2",
      "resolved": "https://registry.npmjs.org/@pixi/filter-noise/-/filter-noise-6.2.2.tgz",
      "integrity": "sha512-Jp4L6winS6ZGKpp76x3JyfEWnUMY44fQ90Ts3R3vKkZZFNDd3T4uisZ7YwvDKOhmSo5hY3lQkXaCg/YO5feXbw=="
    },
    "@pixi/graphics": {
      "version": "6.2.2",
      "resolved": "https://registry.npmjs.org/@pixi/graphics/-/graphics-6.2.2.tgz",
      "integrity": "sha512-mQyd6ef6/EF5nt7M1OObBEb9FCXxIP6AT30H01Z2wnnCgu4qj8MHrJxTkQxSHynQ+eVVPswzpVizUQZHlIYZNw=="
    },
    "@pixi/interaction": {
      "version": "6.2.2",
      "resolved": "https://registry.npmjs.org/@pixi/interaction/-/interaction-6.2.2.tgz",
      "integrity": "sha512-gpNLCPc+j+RZSZqbKbzVRf4fSlOlYm0xqUVn6JtNH1kc+d9AV7Nmw9but4osP/eodDWsWPQ+7sPKClHY36bKRA=="
    },
    "@pixi/loaders": {
      "version": "6.2.2",
      "resolved": "https://registry.npmjs.org/@pixi/loaders/-/loaders-6.2.2.tgz",
      "integrity": "sha512-jwFM59GeMQpzuniw5PlC7kCoXZEaKrw31/ecR1sXKWDtHRyMtvXTuf+R+tSol/1ISQ55c0JBTuUbLPwp7hPvFQ=="
    },
    "@pixi/math": {
      "version": "6.2.2",
      "resolved": "https://registry.npmjs.org/@pixi/math/-/math-6.2.2.tgz",
      "integrity": "sha512-TtsaooRRMc/WAZ4LKUDhP/d14BZElLjRNa2gopwTKUtrDa1KvzAMr8WJ8P+gaXl4DJ8B/MlgESdPhRUqVSUw0A=="
    },
    "@pixi/mesh": {
      "version": "6.2.2",
      "resolved": "https://registry.npmjs.org/@pixi/mesh/-/mesh-6.2.2.tgz",
      "integrity": "sha512-CsKFgTu2MP756sHeoCr9s4tHy2VmnDZPnvZ0ThV8QMnb5w3Z2qRDKlXSSIdNaQOxoAPKkqxIu0JbLK8kyX0oqw=="
    },
    "@pixi/mesh-extras": {
      "version": "6.2.2",
      "resolved": "https://registry.npmjs.org/@pixi/mesh-extras/-/mesh-extras-6.2.2.tgz",
      "integrity": "sha512-HFYWhWcV6gY7VYnMhz9OSEN14PPfVqLzWnglbegGEMqCbY/ZGsD8X99x/HLGQGd6L4FFto382q0Fj1xu+y/brg=="
    },
    "@pixi/mixin-cache-as-bitmap": {
      "version": "6.2.2",
      "resolved": "https://registry.npmjs.org/@pixi/mixin-cache-as-bitmap/-/mixin-cache-as-bitmap-6.2.2.tgz",
      "integrity": "sha512-t3jZKGa/qoRMetMWmGkXz8Kp1Uzmb+2y4/adqu+RdIeG3D1oItuGux+R36ZQO6dVRv3R8s2/Dex0aACek171zw=="
    },
    "@pixi/mixin-get-child-by-name": {
      "version": "6.2.2",
      "resolved": "https://registry.npmjs.org/@pixi/mixin-get-child-by-name/-/mixin-get-child-by-name-6.2.2.tgz",
      "integrity": "sha512-BBrniLAkzDex4HyvVdE/DjphzQu4pZ8Nc5aDRIbiS1s283/IXr2oTcoaW23kCjhX0xgu++XcJQQMMyv3mlblZQ=="
    },
    "@pixi/mixin-get-global-position": {
      "version": "6.2.2",
      "resolved": "https://registry.npmjs.org/@pixi/mixin-get-global-position/-/mixin-get-global-position-6.2.2.tgz",
      "integrity": "sha512-Rz7DHn6koYFEeVG36rKiMwoTD+elJKqwQ24HHw0BAKz1VwGagBi0ZTcJ+nWplBOrw6ZPKfdOBwGQLXD7ODg8lQ=="
    },
    "@pixi/particle-container": {
      "version": "6.2.2",
      "resolved": "https://registry.npmjs.org/@pixi/particle-container/-/particle-container-6.2.2.tgz",
      "integrity": "sha512-DYbSCcUiVLeM4sKZkzAp3F6dz3idyP1jecxbFqNmRjWRyMv7uXIO42rxGJMrd6BzA5j7DkywI3X0SqhhSZP7Ag=="
    },
    "@pixi/polyfill": {
      "version": "6.2.2",
      "resolved": "https://registry.npmjs.org/@pixi/polyfill/-/polyfill-6.2.2.tgz",
      "integrity": "sha512-Fd5KnjrqG9Vwgl9sDfPvNeqW3/d+hG9Du7H3y5PmItBnu9wXldTtA+I5D0BLsL/wjjjCQLbPVFKwCJj511XfBw==",
      "requires": {
        "object-assign": "^4.1.1",
        "promise-polyfill": "^8.2.0"
      }
    },
    "@pixi/prepare": {
      "version": "6.2.2",
      "resolved": "https://registry.npmjs.org/@pixi/prepare/-/prepare-6.2.2.tgz",
      "integrity": "sha512-kJojn/6zEcao+XQyU+zWkBmQr0Tgeju3F9JYBpPQ8MKIUJYvDQDtRxYo9A6Xzxk8FJ373s2Ext/OelX2FcR3HQ=="
    },
    "@pixi/runner": {
      "version": "6.2.2",
      "resolved": "https://registry.npmjs.org/@pixi/runner/-/runner-6.2.2.tgz",
      "integrity": "sha512-q7bc6Eu2XplGzCQBOhbv32P0z48ixW/Su6epT9IOfDi2iTiPjB5Sxp9e+DZDFIzvkfLzgr67Ddy51YMvOp5sQg=="
    },
    "@pixi/settings": {
      "version": "6.2.2",
      "resolved": "https://registry.npmjs.org/@pixi/settings/-/settings-6.2.2.tgz",
      "integrity": "sha512-eQv0ykSwnJUd/LF4MuaFoL+eBNG+EUPAVfsnlsez/Y09aqwIzJyAjRx+uGp9adQ3XHXwYt2l2wINn+foF1y/8A==",
      "requires": {
        "ismobilejs": "^1.1.0"
      }
    },
    "@pixi/sprite": {
      "version": "6.2.2",
      "resolved": "https://registry.npmjs.org/@pixi/sprite/-/sprite-6.2.2.tgz",
      "integrity": "sha512-Imr+sJWFh5GtarW3FBBUzedSexfijg7OL0A6qwMDHA011gjyVeRZ15uXP8fgIwUoHoMLsU6xk85jcucM9RfWuw=="
    },
    "@pixi/sprite-animated": {
      "version": "6.2.2",
      "resolved": "https://registry.npmjs.org/@pixi/sprite-animated/-/sprite-animated-6.2.2.tgz",
      "integrity": "sha512-MNkVIuC06aXn8bgfWyqQE8vmclCVLgmHB//hssr/1IFCVmnEEYZLyeWErkIA87grY3iV7tGOILEYSa3pod4XEg=="
    },
    "@pixi/sprite-tiling": {
      "version": "6.2.2",
      "resolved": "https://registry.npmjs.org/@pixi/sprite-tiling/-/sprite-tiling-6.2.2.tgz",
      "integrity": "sha512-HQ9RVObmwyPq+PM2wm2UEIMdsvWg96ymSz0NOh9bOfMSme18vSWv0Rbidv/FziQT8x6MpoLpYke0DYMGtbu0tA=="
    },
    "@pixi/spritesheet": {
      "version": "6.2.2",
      "resolved": "https://registry.npmjs.org/@pixi/spritesheet/-/spritesheet-6.2.2.tgz",
      "integrity": "sha512-TZodC/pf+CW/8kZN+RPzObXWSPgYv1pp+foUnOHb7w8AyFnMljeqBPiUfLQaMzw91TI9AHLihoeeofqZ4wMpww=="
    },
    "@pixi/text": {
      "version": "6.2.2",
      "resolved": "https://registry.npmjs.org/@pixi/text/-/text-6.2.2.tgz",
      "integrity": "sha512-Hi6MO/QhllZ4IWkr7MBzImzHB88XXKlF5E9xt1vUBhdZb3KsQD+cPx+bNCFWn6ZMWDmOloJekzRkkSl3KrfBSw=="
    },
    "@pixi/text-bitmap": {
      "version": "6.2.2",
      "resolved": "https://registry.npmjs.org/@pixi/text-bitmap/-/text-bitmap-6.2.2.tgz",
      "integrity": "sha512-pJZM0o68n6cUFUdolvpuuloMccdQqvTc3CLzhLu9xW9HLx7NeFjZEQWTGQea8GXsGa1RhvlMd9x3AiVSNMI2FA=="
    },
    "@pixi/ticker": {
      "version": "6.2.2",
      "resolved": "https://registry.npmjs.org/@pixi/ticker/-/ticker-6.2.2.tgz",
      "integrity": "sha512-tF3cRtcYnj3U3HFQ0IJKvAxFU1YUM96T0p8Qh478xZhvGxYGnjrQDPmjXePb4NocAdG5adb6//2uvQOd7o4rHg=="
    },
    "@pixi/utils": {
      "version": "6.2.2",
      "resolved": "https://registry.npmjs.org/@pixi/utils/-/utils-6.2.2.tgz",
      "integrity": "sha512-rpS6QolFuRmm/QcKm5PYHOCkX6okl9a00u2osaMbmPP+l7XLATTxSsFhw64UbSNR+zmzsrhreRFBVFn3tf8K6w==",
      "requires": {
        "@types/earcut": "^2.1.0",
        "earcut": "^2.2.2",
        "eventemitter3": "^3.1.0",
        "url": "^0.11.0"
      },
      "dependencies": {
        "eventemitter3": {
          "version": "3.1.2",
          "resolved": "https://registry.npmjs.org/eventemitter3/-/eventemitter3-3.1.2.tgz",
          "integrity": "sha512-tvtQIeLVHjDkJYnzf2dgVMxfuSGJeM/7UCG17TT4EumTfNtF+0nebF/4zWOIkCreAbtNqhGEboB6BWrwqNaw4Q=="
        }
      }
    },
    "@types/earcut": {
      "version": "2.1.1",
      "resolved": "https://registry.npmjs.org/@types/earcut/-/earcut-2.1.1.tgz",
      "integrity": "sha512-w8oigUCDjElRHRRrMvn/spybSMyX8MTkKA5Dv+tS1IE/TgmNZPqUYtvYBXGY8cieSE66gm+szeK+bnbxC2xHTQ=="
    },
    "array-uniq": {
      "version": "1.0.3",
      "resolved": "https://registry.npmjs.org/array-uniq/-/array-uniq-1.0.3.tgz",
      "integrity": "sha1-r2rId6Jcx/dOBYiUdThY39sk/bY=",
      "dev": true
    },
    "async": {
      "version": "2.6.3",
      "resolved": "https://registry.npmjs.org/async/-/async-2.6.3.tgz",
      "integrity": "sha512-zflvls11DCy+dQWzTW2dzuilv8Z5X/pjfmZOWba6TNIVDm+2UDaJmXSOXlasHKfNBs8oo3M0aT50fDEWfKZjXg==",
      "dev": true,
      "requires": {
        "lodash": "^4.17.14"
      }
    },
    "balanced-match": {
      "version": "1.0.2",
      "resolved": "https://registry.npmjs.org/balanced-match/-/balanced-match-1.0.2.tgz",
      "integrity": "sha512-3oSeUO0TMV67hN1AmbXsK4yaqU7tjiHlbxRDZOpH0KW9+CeX4bRAaX0Anxt0tx2MrpRpWwQaPwIlISEJhYU5Pw==",
      "dev": true
    },
    "brace-expansion": {
      "version": "1.1.11",
      "resolved": "https://registry.npmjs.org/brace-expansion/-/brace-expansion-1.1.11.tgz",
      "integrity": "sha512-iCuPHDFgrHX7H2vEI/5xpz07zSHB00TpugqhmYtVmMO6518mCuRMoOYFldEBl0g187ufozdaHgWKcYFb61qGiA==",
      "dev": true,
      "requires": {
        "balanced-match": "^1.0.0",
        "concat-map": "0.0.1"
      }
    },
    "commander": {
      "version": "2.20.3",
      "resolved": "https://registry.npmjs.org/commander/-/commander-2.20.3.tgz",
      "integrity": "sha512-GpVkmM8vF2vQUkj2LvZmD35JxeJOLCwJ9cUkugyk2nuhbv3+mJvpLYYt+0+USMxE+oj+ey/lJEnhZw75x/OMcQ==",
      "dev": true
    },
    "commondir": {
      "version": "1.0.1",
      "resolved": "https://registry.npmjs.org/commondir/-/commondir-1.0.1.tgz",
      "integrity": "sha1-3dgA2gxmEnOTzKWVDqloo6rxJTs=",
      "dev": true
    },
    "concat-map": {
      "version": "0.0.1",
      "resolved": "https://registry.npmjs.org/concat-map/-/concat-map-0.0.1.tgz",
      "integrity": "sha1-2Klr13/Wjfd5OnMDajug1UBdR3s=",
      "dev": true
    },
    "earcut": {
      "version": "2.2.3",
      "resolved": "https://registry.npmjs.org/earcut/-/earcut-2.2.3.tgz",
      "integrity": "sha512-iRDI1QeCQIhMCZk48DRDMVgQSSBDmbzzNhnxIo+pwx3swkfjMh6vh0nWLq1NdvGHLKH6wIrAM3vQWeTj6qeoug=="
    },
    "email-addresses": {
      "version": "3.1.0",
      "resolved": "https://registry.npmjs.org/email-addresses/-/email-addresses-3.1.0.tgz",
      "integrity": "sha512-k0/r7GrWVL32kZlGwfPNgB2Y/mMXVTq/decgLczm/j34whdaspNrZO8CnXPf1laaHxI6ptUlsnAxN+UAPw+fzg==",
      "dev": true
    },
    "esbuild": {
      "version": "0.14.23",
      "resolved": "https://registry.npmjs.org/esbuild/-/esbuild-0.14.23.tgz",
      "integrity": "sha512-XjnIcZ9KB6lfonCa+jRguXyRYcldmkyZ99ieDksqW/C8bnyEX299yA4QH2XcgijCgaddEZePPTgvx/2imsq7Ig==",
      "dev": true,
      "requires": {
        "esbuild-android-arm64": "0.14.23",
        "esbuild-darwin-64": "0.14.23",
        "esbuild-darwin-arm64": "0.14.23",
        "esbuild-freebsd-64": "0.14.23",
        "esbuild-freebsd-arm64": "0.14.23",
        "esbuild-linux-32": "0.14.23",
        "esbuild-linux-64": "0.14.23",
        "esbuild-linux-arm": "0.14.23",
        "esbuild-linux-arm64": "0.14.23",
        "esbuild-linux-mips64le": "0.14.23",
        "esbuild-linux-ppc64le": "0.14.23",
        "esbuild-linux-riscv64": "0.14.23",
        "esbuild-linux-s390x": "0.14.23",
        "esbuild-netbsd-64": "0.14.23",
        "esbuild-openbsd-64": "0.14.23",
        "esbuild-sunos-64": "0.14.23",
        "esbuild-windows-32": "0.14.23",
        "esbuild-windows-64": "0.14.23",
        "esbuild-windows-arm64": "0.14.23"
      }
    },
    "esbuild-android-arm64": {
      "version": "0.14.23",
      "resolved": "https://registry.npmjs.org/esbuild-android-arm64/-/esbuild-android-arm64-0.14.23.tgz",
      "integrity": "sha512-k9sXem++mINrZty1v4FVt6nC5BQCFG4K2geCIUUqHNlTdFnuvcqsY7prcKZLFhqVC1rbcJAr9VSUGFL/vD4vsw==",
      "dev": true,
      "optional": true
    },
    "esbuild-darwin-64": {
      "version": "0.14.23",
      "resolved": "https://registry.npmjs.org/esbuild-darwin-64/-/esbuild-darwin-64-0.14.23.tgz",
      "integrity": "sha512-lB0XRbtOYYL1tLcYw8BoBaYsFYiR48RPrA0KfA/7RFTr4MV7Bwy/J4+7nLsVnv9FGuQummM3uJ93J3ptaTqFug==",
      "dev": true,
      "optional": true
    },
    "esbuild-darwin-arm64": {
      "version": "0.14.23",
      "resolved": "https://registry.npmjs.org/esbuild-darwin-arm64/-/esbuild-darwin-arm64-0.14.23.tgz",
      "integrity": "sha512-yat73Z/uJ5tRcfRiI4CCTv0FSnwErm3BJQeZAh+1tIP0TUNh6o+mXg338Zl5EKChD+YGp6PN+Dbhs7qa34RxSw==",
      "dev": true,
      "optional": true
    },
    "esbuild-freebsd-64": {
      "version": "0.14.23",
      "resolved": "https://registry.npmjs.org/esbuild-freebsd-64/-/esbuild-freebsd-64-0.14.23.tgz",
      "integrity": "sha512-/1xiTjoLuQ+LlbfjJdKkX45qK/M7ARrbLmyf7x3JhyQGMjcxRYVR6Dw81uH3qlMHwT4cfLW4aEVBhP1aNV7VsA==",
      "dev": true,
      "optional": true
    },
    "esbuild-freebsd-arm64": {
      "version": "0.14.23",
      "resolved": "https://registry.npmjs.org/esbuild-freebsd-arm64/-/esbuild-freebsd-arm64-0.14.23.tgz",
      "integrity": "sha512-uyPqBU/Zcp6yEAZS4LKj5jEE0q2s4HmlMBIPzbW6cTunZ8cyvjG6YWpIZXb1KK3KTJDe62ltCrk3VzmWHp+iLg==",
      "dev": true,
      "optional": true
    },
    "esbuild-linux-32": {
      "version": "0.14.23",
      "resolved": "https://registry.npmjs.org/esbuild-linux-32/-/esbuild-linux-32-0.14.23.tgz",
      "integrity": "sha512-37R/WMkQyUfNhbH7aJrr1uCjDVdnPeTHGeDhZPUNhfoHV0lQuZNCKuNnDvlH/u/nwIYZNdVvz1Igv5rY/zfrzQ==",
      "dev": true,
      "optional": true
    },
    "esbuild-linux-64": {
      "version": "0.14.23",
      "resolved": "https://registry.npmjs.org/esbuild-linux-64/-/esbuild-linux-64-0.14.23.tgz",
      "integrity": "sha512-H0gztDP60qqr8zoFhAO64waoN5yBXkmYCElFklpd6LPoobtNGNnDe99xOQm28+fuD75YJ7GKHzp/MLCLhw2+vQ==",
      "dev": true,
      "optional": true
    },
    "esbuild-linux-arm": {
      "version": "0.14.23",
      "resolved": "https://registry.npmjs.org/esbuild-linux-arm/-/esbuild-linux-arm-0.14.23.tgz",
      "integrity": "sha512-x64CEUxi8+EzOAIpCUeuni0bZfzPw/65r8tC5cy5zOq9dY7ysOi5EVQHnzaxS+1NmV+/RVRpmrzGw1QgY2Xpmw==",
      "dev": true,
      "optional": true
    },
    "esbuild-linux-arm64": {
      "version": "0.14.23",
      "resolved": "https://registry.npmjs.org/esbuild-linux-arm64/-/esbuild-linux-arm64-0.14.23.tgz",
      "integrity": "sha512-c4MLOIByNHR55n3KoYf9hYDfBRghMjOiHLaoYLhkQkIabb452RWi+HsNgB41sUpSlOAqfpqKPFNg7VrxL3UX9g==",
      "dev": true,
      "optional": true
    },
    "esbuild-linux-mips64le": {
      "version": "0.14.23",
      "resolved": "https://registry.npmjs.org/esbuild-linux-mips64le/-/esbuild-linux-mips64le-0.14.23.tgz",
      "integrity": "sha512-kHKyKRIAedYhKug2EJpyJxOUj3VYuamOVA1pY7EimoFPzaF3NeY7e4cFBAISC/Av0/tiV0xlFCt9q0HJ68IBIw==",
      "dev": true,
      "optional": true
    },
    "esbuild-linux-ppc64le": {
      "version": "0.14.23",
      "resolved": "https://registry.npmjs.org/esbuild-linux-ppc64le/-/esbuild-linux-ppc64le-0.14.23.tgz",
      "integrity": "sha512-7ilAiJEPuJJnJp/LiDO0oJm5ygbBPzhchJJh9HsHZzeqO+3PUzItXi+8PuicY08r0AaaOe25LA7sGJ0MzbfBag==",
      "dev": true,
      "optional": true
    },
    "esbuild-linux-riscv64": {
      "version": "0.14.23",
      "resolved": "https://registry.npmjs.org/esbuild-linux-riscv64/-/esbuild-linux-riscv64-0.14.23.tgz",
      "integrity": "sha512-fbL3ggK2wY0D8I5raPIMPhpCvODFE+Bhb5QGtNP3r5aUsRR6TQV+ZBXIaw84iyvKC8vlXiA4fWLGhghAd/h/Zg==",
      "dev": true,
      "optional": true
    },
    "esbuild-linux-s390x": {
      "version": "0.14.23",
      "resolved": "https://registry.npmjs.org/esbuild-linux-s390x/-/esbuild-linux-s390x-0.14.23.tgz",
      "integrity": "sha512-GHMDCyfy7+FaNSO8RJ8KCFsnax8fLUsOrj9q5Gi2JmZMY0Zhp75keb5abTFCq2/Oy6KVcT0Dcbyo/bFb4rIFJA==",
      "dev": true,
      "optional": true
    },
    "esbuild-netbsd-64": {
      "version": "0.14.23",
      "resolved": "https://registry.npmjs.org/esbuild-netbsd-64/-/esbuild-netbsd-64-0.14.23.tgz",
      "integrity": "sha512-ovk2EX+3rrO1M2lowJfgMb/JPN1VwVYrx0QPUyudxkxLYrWeBxDKQvc6ffO+kB4QlDyTfdtAURrVzu3JeNdA2g==",
      "dev": true,
      "optional": true
    },
    "esbuild-openbsd-64": {
      "version": "0.14.23",
      "resolved": "https://registry.npmjs.org/esbuild-openbsd-64/-/esbuild-openbsd-64-0.14.23.tgz",
      "integrity": "sha512-uYYNqbVR+i7k8ojP/oIROAHO9lATLN7H2QeXKt2H310Fc8FJj4y3Wce6hx0VgnJ4k1JDrgbbiXM8rbEgQyg8KA==",
      "dev": true,
      "optional": true
    },
    "esbuild-sunos-64": {
      "version": "0.14.23",
      "resolved": "https://registry.npmjs.org/esbuild-sunos-64/-/esbuild-sunos-64-0.14.23.tgz",
      "integrity": "sha512-hAzeBeET0+SbScknPzS2LBY6FVDpgE+CsHSpe6CEoR51PApdn2IB0SyJX7vGelXzlyrnorM4CAsRyb9Qev4h9g==",
      "dev": true,
      "optional": true
    },
    "esbuild-windows-32": {
      "version": "0.14.23",
      "resolved": "https://registry.npmjs.org/esbuild-windows-32/-/esbuild-windows-32-0.14.23.tgz",
      "integrity": "sha512-Kttmi3JnohdaREbk6o9e25kieJR379TsEWF0l39PQVHXq3FR6sFKtVPgY8wk055o6IB+rllrzLnbqOw/UV60EA==",
      "dev": true,
      "optional": true
    },
    "esbuild-windows-64": {
      "version": "0.14.23",
      "resolved": "https://registry.npmjs.org/esbuild-windows-64/-/esbuild-windows-64-0.14.23.tgz",
      "integrity": "sha512-JtIT0t8ymkpl6YlmOl6zoSWL5cnCgyLaBdf/SiU/Eg3C13r0NbHZWNT/RDEMKK91Y6t79kTs3vyRcNZbfu5a8g==",
      "dev": true,
      "optional": true
    },
    "esbuild-windows-arm64": {
      "version": "0.14.23",
      "resolved": "https://registry.npmjs.org/esbuild-windows-arm64/-/esbuild-windows-arm64-0.14.23.tgz",
      "integrity": "sha512-cTFaQqT2+ik9e4hePvYtRZQ3pqOvKDVNarzql0VFIzhc0tru/ZgdLoXd6epLiKT+SzoSce6V9YJ+nn6RCn6SHw==",
      "dev": true,
      "optional": true
    },
    "escape-string-regexp": {
      "version": "1.0.5",
      "resolved": "https://registry.npmjs.org/escape-string-regexp/-/escape-string-regexp-1.0.5.tgz",
      "integrity": "sha1-G2HAViGQqN/2rjuyzwIAyhMLhtQ=",
      "dev": true
    },
    "filename-reserved-regex": {
      "version": "2.0.0",
      "resolved": "https://registry.npmjs.org/filename-reserved-regex/-/filename-reserved-regex-2.0.0.tgz",
      "integrity": "sha1-q/c9+rc10EVECr/qLZHzieu/oik=",
      "dev": true
    },
    "filenamify": {
      "version": "4.3.0",
      "resolved": "https://registry.npmjs.org/filenamify/-/filenamify-4.3.0.tgz",
      "integrity": "sha512-hcFKyUG57yWGAzu1CMt/dPzYZuv+jAJUT85bL8mrXvNe6hWj6yEHEc4EdcgiA6Z3oi1/9wXJdZPXF2dZNgwgOg==",
      "dev": true,
      "requires": {
        "filename-reserved-regex": "^2.0.0",
        "strip-outer": "^1.0.1",
        "trim-repeated": "^1.0.0"
      }
    },
    "find-cache-dir": {
      "version": "3.3.2",
      "resolved": "https://registry.npmjs.org/find-cache-dir/-/find-cache-dir-3.3.2.tgz",
      "integrity": "sha512-wXZV5emFEjrridIgED11OoUKLxiYjAcqot/NJdAkOhlJ+vGzwhOAfcG5OX1jP+S0PcjEn8bdMJv+g2jwQ3Onig==",
      "dev": true,
      "requires": {
        "commondir": "^1.0.1",
        "make-dir": "^3.0.2",
        "pkg-dir": "^4.1.0"
      }
    },
    "find-up": {
      "version": "4.1.0",
      "resolved": "https://registry.npmjs.org/find-up/-/find-up-4.1.0.tgz",
      "integrity": "sha512-PpOwAdQ/YlXQ2vj8a3h8IipDuYRi3wceVQQGYWxNINccq40Anw7BlsEXCMbt1Zt+OLA6Fq9suIpIWD0OsnISlw==",
      "dev": true,
      "requires": {
        "locate-path": "^5.0.0",
        "path-exists": "^4.0.0"
      }
    },
    "fs-extra": {
      "version": "8.1.0",
      "resolved": "https://registry.npmjs.org/fs-extra/-/fs-extra-8.1.0.tgz",
      "integrity": "sha512-yhlQgA6mnOJUKOsRUFsgJdQCvkKhcz8tlZG5HBQfReYZy46OwLcY+Zia0mtdHsOo9y/hP+CxMN0TU9QxoOtG4g==",
      "dev": true,
      "requires": {
        "graceful-fs": "^4.2.0",
        "jsonfile": "^4.0.0",
        "universalify": "^0.1.0"
      }
    },
    "fs.realpath": {
      "version": "1.0.0",
      "resolved": "https://registry.npmjs.org/fs.realpath/-/fs.realpath-1.0.0.tgz",
      "integrity": "sha1-FQStJSMVjKpA20onh8sBQRmU6k8=",
      "dev": true
    },
    "fsevents": {
      "version": "2.3.2",
      "resolved": "https://registry.npmjs.org/fsevents/-/fsevents-2.3.2.tgz",
      "integrity": "sha512-xiqMQR4xAeHTuB9uWm+fFRcIOgKBMiOBP+eXiyT7jsgVCq1bkVygt00oASowB7EdtpOHaaPgKt812P9ab+DDKA==",
      "dev": true,
      "optional": true
    },
    "function-bind": {
      "version": "1.1.1",
      "resolved": "https://registry.npmjs.org/function-bind/-/function-bind-1.1.1.tgz",
      "integrity": "sha512-yIovAzMX49sF8Yl58fSCWJ5svSLuaibPxXQJFLmBObTuCr0Mf1KiPopGM9NiFjiYBCbfaa2Fh6breQ6ANVTI0A==",
      "dev": true
    },
    "gh-pages": {
      "version": "3.2.3",
      "resolved": "https://registry.npmjs.org/gh-pages/-/gh-pages-3.2.3.tgz",
      "integrity": "sha512-jA1PbapQ1jqzacECfjUaO9gV8uBgU6XNMV0oXLtfCX3haGLe5Atq8BxlrADhbD6/UdG9j6tZLWAkAybndOXTJg==",
      "dev": true,
      "requires": {
        "async": "^2.6.1",
        "commander": "^2.18.0",
        "email-addresses": "^3.0.1",
        "filenamify": "^4.3.0",
        "find-cache-dir": "^3.3.1",
        "fs-extra": "^8.1.0",
        "globby": "^6.1.0"
      },
      "dependencies": {
        "array-union": {
          "version": "1.0.2",
          "resolved": "https://registry.npmjs.org/array-union/-/array-union-1.0.2.tgz",
          "integrity": "sha1-mjRBDk9OPaI96jdb5b5w8kd47Dk=",
          "dev": true,
          "requires": {
            "array-uniq": "^1.0.1"
          }
        },
        "globby": {
          "version": "6.1.0",
          "resolved": "https://registry.npmjs.org/globby/-/globby-6.1.0.tgz",
          "integrity": "sha1-9abXDoOV4hyFj7BInWTfAkJNUGw=",
          "dev": true,
          "requires": {
            "array-union": "^1.0.1",
            "glob": "^7.0.3",
            "object-assign": "^4.0.1",
            "pify": "^2.0.0",
            "pinkie-promise": "^2.0.0"
          }
        }
      }
    },
    "glob": {
      "version": "7.2.0",
      "resolved": "https://registry.npmjs.org/glob/-/glob-7.2.0.tgz",
      "integrity": "sha512-lmLf6gtyrPq8tTjSmrO94wBeQbFR3HbLHbuyD69wuyQkImp2hWqMGB47OX65FBkPffO641IP9jWa1z4ivqG26Q==",
      "dev": true,
      "requires": {
        "fs.realpath": "^1.0.0",
        "inflight": "^1.0.4",
        "inherits": "2",
        "minimatch": "^3.0.4",
        "once": "^1.3.0",
        "path-is-absolute": "^1.0.0"
      }
    },
    "graceful-fs": {
      "version": "4.2.8",
      "resolved": "https://registry.npmjs.org/graceful-fs/-/graceful-fs-4.2.8.tgz",
      "integrity": "sha512-qkIilPUYcNhJpd33n0GBXTB1MMPp14TxEsEs0pTrsSVucApsYzW5V+Q8Qxhik6KU3evy+qkAAowTByymK0avdg==",
      "dev": true
    },
    "has": {
      "version": "1.0.3",
      "resolved": "https://registry.npmjs.org/has/-/has-1.0.3.tgz",
      "integrity": "sha512-f2dvO0VU6Oej7RkWJGrehjbzMAjFp5/VKPp5tTpWIV4JHHZK1/BxbFRtf/siA2SWTe09caDmVtYYzWEIbBS4zw==",
      "dev": true,
      "requires": {
        "function-bind": "^1.1.1"
      }
    },
    "inflight": {
      "version": "1.0.6",
      "resolved": "https://registry.npmjs.org/inflight/-/inflight-1.0.6.tgz",
      "integrity": "sha1-Sb1jMdfQLQwJvJEKEHW6gWW1bfk=",
      "dev": true,
      "requires": {
        "once": "^1.3.0",
        "wrappy": "1"
      }
    },
    "inherits": {
      "version": "2.0.4",
      "resolved": "https://registry.npmjs.org/inherits/-/inherits-2.0.4.tgz",
      "integrity": "sha512-k/vGaX4/Yla3WzyMCvTQOXYeIHvqOKtnqBduzTHpzpQZzAskKMhZ2K+EnBiSM9zGSoIFeMpXKxa4dYeZIQqewQ==",
      "dev": true
    },
    "is-core-module": {
      "version": "2.8.1",
      "resolved": "https://registry.npmjs.org/is-core-module/-/is-core-module-2.8.1.tgz",
      "integrity": "sha512-SdNCUs284hr40hFTFP6l0IfZ/RSrMXF3qgoRHd3/79unUTvrFO/JoXwkGm+5J/Oe3E/b5GsnG330uUNgRpu1PA==",
      "dev": true,
      "requires": {
        "has": "^1.0.3"
      }
    },
    "ismobilejs": {
      "version": "1.1.1",
      "resolved": "https://registry.npmjs.org/ismobilejs/-/ismobilejs-1.1.1.tgz",
      "integrity": "sha512-VaFW53yt8QO61k2WJui0dHf4SlL8lxBofUuUmwBo0ljPk0Drz2TiuDW4jo3wDcv41qy/SxrJ+VAzJ/qYqsmzRw=="
    },
    "jsonfile": {
      "version": "4.0.0",
      "resolved": "https://registry.npmjs.org/jsonfile/-/jsonfile-4.0.0.tgz",
      "integrity": "sha1-h3Gq4HmbZAdrdmQPygWPnBDjPss=",
      "dev": true,
      "requires": {
        "graceful-fs": "^4.1.6"
      }
    },
    "locate-path": {
      "version": "5.0.0",
      "resolved": "https://registry.npmjs.org/locate-path/-/locate-path-5.0.0.tgz",
      "integrity": "sha512-t7hw9pI+WvuwNJXwk5zVHpyhIqzg2qTlklJOf0mVxGSbe3Fp2VieZcduNYjaLDoy6p9uGpQEGWG87WpMKlNq8g==",
      "dev": true,
      "requires": {
        "p-locate": "^4.1.0"
      }
    },
    "lodash": {
      "version": "4.17.21",
      "resolved": "https://registry.npmjs.org/lodash/-/lodash-4.17.21.tgz",
      "integrity": "sha512-v2kDEe57lecTulaDIuNTPy3Ry4gLGJ6Z1O3vE1krgXZNrsQ+LFTGHVxVjcXPs17LhbZVGedAJv8XZ1tvj5FvSg==",
      "dev": true
    },
    "make-dir": {
      "version": "3.1.0",
      "resolved": "https://registry.npmjs.org/make-dir/-/make-dir-3.1.0.tgz",
      "integrity": "sha512-g3FeP20LNwhALb/6Cz6Dd4F2ngze0jz7tbzrD2wAV+o9FeNHe4rL+yK2md0J/fiSf1sa1ADhXqi5+oVwOM/eGw==",
      "dev": true,
      "requires": {
        "semver": "^6.0.0"
      },
      "dependencies": {
        "semver": {
          "version": "6.3.0",
          "resolved": "https://registry.npmjs.org/semver/-/semver-6.3.0.tgz",
          "integrity": "sha512-b39TBaTSfV6yBrapU89p5fKekE2m/NwnDocOVruQFS1/veMgdzuPcnOM34M6CwxW8jH/lxEa5rBoDeUwu5HHTw==",
          "dev": true
        }
      }
    },
    "minimatch": {
      "version": "3.1.1",
      "resolved": "https://registry.npmjs.org/minimatch/-/minimatch-3.1.1.tgz",
      "integrity": "sha512-reLxBcKUPNBnc/sVtAbxgRVFSegoGeLaSjmphNhcwcolhYLRgtJscn5mRl6YRZNQv40Y7P6JM2YhSIsbL9OB5A==",
      "dev": true,
      "requires": {
        "brace-expansion": "^1.1.7"
      }
    },
    "nanoid": {
      "version": "3.3.1",
      "resolved": "https://registry.npmjs.org/nanoid/-/nanoid-3.3.1.tgz",
      "integrity": "sha512-n6Vs/3KGyxPQd6uO0eH4Bv0ojGSUvuLlIHtC3Y0kEO23YRge8H9x1GCzLn28YX0H66pMkxuaeESFq4tKISKwdw==",
      "dev": true
    },
    "object-assign": {
      "version": "4.1.1",
      "resolved": "https://registry.npmjs.org/object-assign/-/object-assign-4.1.1.tgz",
      "integrity": "sha1-IQmtx5ZYh8/AXLvUQsrIv7s2CGM="
    },
    "once": {
      "version": "1.4.0",
      "resolved": "https://registry.npmjs.org/once/-/once-1.4.0.tgz",
      "integrity": "sha1-WDsap3WWHUsROsF9nFC6753Xa9E=",
      "dev": true,
      "requires": {
        "wrappy": "1"
      }
    },
    "p-limit": {
      "version": "2.3.0",
      "resolved": "https://registry.npmjs.org/p-limit/-/p-limit-2.3.0.tgz",
      "integrity": "sha512-//88mFWSJx8lxCzwdAABTJL2MyWB12+eIY7MDL2SqLmAkeKU9qxRvWuSyTjm3FUmpBEMuFfckAIqEaVGUDxb6w==",
      "dev": true,
      "requires": {
        "p-try": "^2.0.0"
      }
    },
    "p-locate": {
      "version": "4.1.0",
      "resolved": "https://registry.npmjs.org/p-locate/-/p-locate-4.1.0.tgz",
      "integrity": "sha512-R79ZZ/0wAxKGu3oYMlz8jy/kbhsNrS7SKZ7PxEHBgJ5+F2mtFW2fK2cOtBh1cHYkQsbzFV7I+EoRKe6Yt0oK7A==",
      "dev": true,
      "requires": {
        "p-limit": "^2.2.0"
      }
    },
    "p-try": {
      "version": "2.2.0",
      "resolved": "https://registry.npmjs.org/p-try/-/p-try-2.2.0.tgz",
      "integrity": "sha512-R4nPAVTAU0B9D35/Gk3uJf/7XYbQcyohSKdvAxIRSNghFl4e71hVoGnBNQz9cWaXxO2I10KTC+3jMdvvoKw6dQ==",
      "dev": true
    },
    "path-exists": {
      "version": "4.0.0",
      "resolved": "https://registry.npmjs.org/path-exists/-/path-exists-4.0.0.tgz",
      "integrity": "sha512-ak9Qy5Q7jYb2Wwcey5Fpvg2KoAc/ZIhLSLOSBmRmygPsGwkVVt0fZa0qrtMz+m6tJTAHfZQ8FnmB4MG4LWy7/w==",
      "dev": true
    },
    "path-is-absolute": {
      "version": "1.0.1",
      "resolved": "https://registry.npmjs.org/path-is-absolute/-/path-is-absolute-1.0.1.tgz",
      "integrity": "sha1-F0uSaHNVNP+8es5r9TpanhtcX18=",
      "dev": true
    },
    "path-parse": {
      "version": "1.0.7",
      "resolved": "https://registry.npmjs.org/path-parse/-/path-parse-1.0.7.tgz",
      "integrity": "sha512-LDJzPVEEEPR+y48z93A0Ed0yXb8pAByGWo/k5YYdYgpY2/2EsOsksJrq7lOHxryrVOn1ejG6oAp8ahvOIQD8sw==",
      "dev": true
    },
    "picocolors": {
      "version": "1.0.0",
      "resolved": "https://registry.npmjs.org/picocolors/-/picocolors-1.0.0.tgz",
      "integrity": "sha512-1fygroTLlHu66zi26VoTDv8yRgm0Fccecssto+MhsZ0D/DGW2sm8E8AjW7NU5VVTRt5GxbeZ5qBuJr+HyLYkjQ==",
      "dev": true
    },
    "pify": {
      "version": "2.3.0",
      "resolved": "https://registry.npmjs.org/pify/-/pify-2.3.0.tgz",
      "integrity": "sha1-7RQaasBDqEnqWISY59yosVMw6Qw=",
      "dev": true
    },
    "pinkie": {
      "version": "2.0.4",
      "resolved": "https://registry.npmjs.org/pinkie/-/pinkie-2.0.4.tgz",
      "integrity": "sha1-clVrgM+g1IqXToDnckjoDtT3+HA=",
      "dev": true
    },
    "pinkie-promise": {
      "version": "2.0.1",
      "resolved": "https://registry.npmjs.org/pinkie-promise/-/pinkie-promise-2.0.1.tgz",
      "integrity": "sha1-ITXW36ejWMBprJsXh3YogihFD/o=",
      "dev": true,
      "requires": {
        "pinkie": "^2.0.0"
      }
    },
    "pixi.js": {
      "version": "6.2.2",
      "resolved": "https://registry.npmjs.org/pixi.js/-/pixi.js-6.2.2.tgz",
      "integrity": "sha512-/xCnJUsWTZuacR6JYTnRbUb+5grzlqpp2O1Ub7bCZCE3FApTCs7nMNYeLfdeP+np/MlGaM+SsPh2cXcafR3OZw==",
      "requires": {
        "@pixi/accessibility": "6.2.2",
        "@pixi/app": "6.2.2",
        "@pixi/compressed-textures": "6.2.2",
        "@pixi/constants": "6.2.2",
        "@pixi/core": "6.2.2",
        "@pixi/display": "6.2.2",
        "@pixi/extract": "6.2.2",
        "@pixi/filter-alpha": "6.2.2",
        "@pixi/filter-blur": "6.2.2",
        "@pixi/filter-color-matrix": "6.2.2",
        "@pixi/filter-displacement": "6.2.2",
        "@pixi/filter-fxaa": "6.2.2",
        "@pixi/filter-noise": "6.2.2",
        "@pixi/graphics": "6.2.2",
        "@pixi/interaction": "6.2.2",
        "@pixi/loaders": "6.2.2",
        "@pixi/math": "6.2.2",
        "@pixi/mesh": "6.2.2",
        "@pixi/mesh-extras": "6.2.2",
        "@pixi/mixin-cache-as-bitmap": "6.2.2",
        "@pixi/mixin-get-child-by-name": "6.2.2",
        "@pixi/mixin-get-global-position": "6.2.2",
        "@pixi/particle-container": "6.2.2",
        "@pixi/polyfill": "6.2.2",
        "@pixi/prepare": "6.2.2",
        "@pixi/runner": "6.2.2",
        "@pixi/settings": "6.2.2",
        "@pixi/sprite": "6.2.2",
        "@pixi/sprite-animated": "6.2.2",
        "@pixi/sprite-tiling": "6.2.2",
        "@pixi/spritesheet": "6.2.2",
        "@pixi/text": "6.2.2",
        "@pixi/text-bitmap": "6.2.2",
        "@pixi/ticker": "6.2.2",
        "@pixi/utils": "6.2.2"
      }
    },
    "pkg-dir": {
      "version": "4.2.0",
      "resolved": "https://registry.npmjs.org/pkg-dir/-/pkg-dir-4.2.0.tgz",
      "integrity": "sha512-HRDzbaKjC+AOWVXxAU/x54COGeIv9eb+6CkDSQoNTt4XyWoIJvuPsXizxu/Fr23EiekbtZwmh1IcIG/l/a10GQ==",
      "dev": true,
      "requires": {
        "find-up": "^4.0.0"
      }
    },
    "postcss": {
      "version": "8.4.7",
      "resolved": "https://registry.npmjs.org/postcss/-/postcss-8.4.7.tgz",
      "integrity": "sha512-L9Ye3r6hkkCeOETQX6iOaWZgjp3LL6Lpqm6EtgbKrgqGGteRMNb9vzBfRL96YOSu8o7x3MfIH9Mo5cPJFGrW6A==",
      "dev": true,
      "requires": {
        "nanoid": "^3.3.1",
        "picocolors": "^1.0.0",
        "source-map-js": "^1.0.2"
      }
    },
    "promise-polyfill": {
      "version": "8.2.1",
      "resolved": "https://registry.npmjs.org/promise-polyfill/-/promise-polyfill-8.2.1.tgz",
      "integrity": "sha512-3p9zj0cEHbp7NVUxEYUWjQlffXqnXaZIMPkAO7HhFh8u5636xLRDHOUo2vpWSK0T2mqm6fKLXYn1KP6PAZ2gKg=="
    },
    "querystring": {
      "version": "0.2.0",
      "resolved": "https://registry.npmjs.org/querystring/-/querystring-0.2.0.tgz",
      "integrity": "sha1-sgmEkgO7Jd+CDadW50cAWHhSFiA="
    },
    "resolve": {
      "version": "1.22.0",
      "resolved": "https://registry.npmjs.org/resolve/-/resolve-1.22.0.tgz",
      "integrity": "sha512-Hhtrw0nLeSrFQ7phPp4OOcVjLPIeMnRlr5mcnVuMe7M/7eBn98A3hmFRLoFo3DLZkivSYwhRUJTyPyWAk56WLw==",
      "dev": true,
      "requires": {
        "is-core-module": "^2.8.1",
        "path-parse": "^1.0.7",
        "supports-preserve-symlinks-flag": "^1.0.0"
      }
    },
    "rollup": {
      "version": "2.68.0",
      "resolved": "https://registry.npmjs.org/rollup/-/rollup-2.68.0.tgz",
      "integrity": "sha512-XrMKOYK7oQcTio4wyTz466mucnd8LzkiZLozZ4Rz0zQD+HeX4nUK4B8GrTX/2EvN2/vBF/i2WnaXboPxo0JylA==",
      "dev": true,
      "requires": {
        "fsevents": "~2.3.2"
      }
    },
    "source-map-js": {
      "version": "1.0.2",
      "resolved": "https://registry.npmjs.org/source-map-js/-/source-map-js-1.0.2.tgz",
      "integrity": "sha512-R0XvVJ9WusLiqTCEiGCmICCMplcCkIwwR11mOSD9CR5u+IXYdiseeEuXCVAjS54zqwkLcPNnmU4OeJ6tUrWhDw==",
      "dev": true
    },
    "strip-outer": {
      "version": "1.0.1",
      "resolved": "https://registry.npmjs.org/strip-outer/-/strip-outer-1.0.1.tgz",
      "integrity": "sha512-k55yxKHwaXnpYGsOzg4Vl8+tDrWylxDEpknGjhTiZB8dFRU5rTo9CAzeycivxV3s+zlTKwrs6WxMxR95n26kwg==",
      "dev": true,
      "requires": {
        "escape-string-regexp": "^1.0.2"
      }
    },
    "supports-preserve-symlinks-flag": {
      "version": "1.0.0",
      "resolved": "https://registry.npmjs.org/supports-preserve-symlinks-flag/-/supports-preserve-symlinks-flag-1.0.0.tgz",
      "integrity": "sha512-ot0WnXS9fgdkgIcePe6RHNk1WA8+muPa6cSjeR3V8K27q9BB1rTE3R1p7Hv0z1ZyAc8s6Vvv8DIyWf681MAt0w==",
      "dev": true
    },
    "trim-repeated": {
      "version": "1.0.0",
      "resolved": "https://registry.npmjs.org/trim-repeated/-/trim-repeated-1.0.0.tgz",
      "integrity": "sha1-42RqLqTokTEr9+rObPsFOAvAHCE=",
      "dev": true,
      "requires": {
        "escape-string-regexp": "^1.0.2"
      }
    },
    "typescript": {
      "version": "4.5.4",
      "resolved": "https://registry.npmjs.org/typescript/-/typescript-4.5.4.tgz",
      "integrity": "sha512-VgYs2A2QIRuGphtzFV7aQJduJ2gyfTljngLzjpfW9FoYZF6xuw1W0vW9ghCKLfcWrCFxK81CSGRAvS1pn4fIUg==",
      "dev": true
    },
    "universalify": {
      "version": "0.1.2",
      "resolved": "https://registry.npmjs.org/universalify/-/universalify-0.1.2.tgz",
      "integrity": "sha512-rBJeI5CXAlmy1pV+617WB9J63U6XcazHHF2f2dbJix4XzpUF0RS3Zbj0FGIOCAva5P/d/GBOYaACQ1w+0azUkg==",
      "dev": true
    },
    "url": {
      "version": "0.11.0",
      "resolved": "https://registry.npmjs.org/url/-/url-0.11.0.tgz",
      "integrity": "sha1-ODjpfPxgUh63PFJajlW/3Z4uKPE=",
      "requires": {
        "punycode": "1.3.2",
        "querystring": "0.2.0"
      },
      "dependencies": {
        "punycode": {
          "version": "1.3.2",
          "resolved": "https://registry.npmjs.org/punycode/-/punycode-1.3.2.tgz",
          "integrity": "sha1-llOgNvt8HuQjQvIyXM7v6jkmxI0="
        }
      }
    },
    "vite": {
      "version": "2.8.4",
      "resolved": "https://registry.npmjs.org/vite/-/vite-2.8.4.tgz",
      "integrity": "sha512-GwtOkkaT2LDI82uWZKcrpRQxP5tymLnC7hVHHqNkhFNknYr0hJUlDLfhVRgngJvAy3RwypkDCWtTKn1BjO96Dw==",
      "dev": true,
      "requires": {
        "esbuild": "^0.14.14",
        "fsevents": "~2.3.2",
        "postcss": "^8.4.6",
        "resolve": "^1.22.0",
        "rollup": "^2.59.0"
      }
    },
    "wrappy": {
      "version": "1.0.2",
      "resolved": "https://registry.npmjs.org/wrappy/-/wrappy-1.0.2.tgz",
      "integrity": "sha1-tSQ9jz7BqjXxNkYFvA0QNuMKtp8=",
      "dev": true
    }
  }
}
